PODS:
  - JSONCodable (3.0.1)
  - SocketRocket (0.5.1)

DEPENDENCIES:
  - JSONCodable (~> 3.x)
  - SocketRocket

SPEC CHECKSUMS:
  JSONCodable: bd8616ae881befe2b82fbbf56d98b2dd377ac662
  SocketRocket: d57c7159b83c3c6655745cd15302aa24b6bae531

PODFILE CHECKSUM: 5192511f055ec8a528faa9f6d1e5f76f9a35ce4b

COCOAPODS: 1.4.0
